// !$*UTF8*$!
{
	archiveVersion = 1;
	classes = {
	};
	objectVersion = 55;
	objects = {

/* Begin PBXBuildFile section */
		DE156D3228215D5300267D7C /* CoreDataManager.swift in Sources */ = {isa = PBXBuildFile; fileRef = DE156D3128215D5300267D7C /* CoreDataManager.swift */; };
		DE156D3B282177DE00267D7C /* Contas.swift in Sources */ = {isa = PBXBuildFile; fileRef = DE156D3A282177DE00267D7C /* Contas.swift */; };
		DE51BCC9281D9F0A002447E0 /* TableViewCell.swift in Sources */ = {isa = PBXBuildFile; fileRef = DE51BCC8281D9F0A002447E0 /* TableViewCell.swift */; };
		DE51BCCC281DBA1D002447E0 /* HomeHeader.swift in Sources */ = {isa = PBXBuildFile; fileRef = DE51BCCB281DBA1D002447E0 /* HomeHeader.swift */; };
		DE5B92C9282AE828004A9516 /* Launch Screen.storyboard in Resources */ = {isa = PBXBuildFile; fileRef = DE5B92C8282AE828004A9516 /* Launch Screen.storyboard */; };
		DECE7CC228219C6F004D562E /* String+Utils.swift in Sources */ = {isa = PBXBuildFile; fileRef = DECE7CC128219C6F004D562E /* String+Utils.swift */; };
		DECE9C1B281D6EBF00964B99 /* HomeViewController.swift in Sources */ = {isa = PBXBuildFile; fileRef = DECE9C1A281D6EBF00964B99 /* HomeViewController.swift */; };
		DECE9C1D281D702900964B99 /* UIView+Utils.swift in Sources */ = {isa = PBXBuildFile; fileRef = DECE9C1C281D702900964B99 /* UIView+Utils.swift */; };
		DECE9C1F281D769800964B99 /* HomePresenter.swift in Sources */ = {isa = PBXBuildFile; fileRef = DECE9C1E281D769800964B99 /* HomePresenter.swift */; };
		DECE9C21281D76A700964B99 /* LoginPresenter.swift in Sources */ = {isa = PBXBuildFile; fileRef = DECE9C20281D76A700964B99 /* LoginPresenter.swift */; };
		DECE9C23281D77F600964B99 /* Threading.swift in Sources */ = {isa = PBXBuildFile; fileRef = DECE9C22281D77F600964B99 /* Threading.swift */; };
		DECE9C26281D7A6700964B99 /* RegisterItemViewController.swift in Sources */ = {isa = PBXBuildFile; fileRef = DECE9C25281D7A6700964B99 /* RegisterItemViewController.swift */; };
		DECE9C28281D859D00964B99 /* TextField+Utils.swift in Sources */ = {isa = PBXBuildFile; fileRef = DECE9C27281D859D00964B99 /* TextField+Utils.swift */; };
		DECE9C2A281D8CA200964B99 /* RegisterItemPresenter.swift in Sources */ = {isa = PBXBuildFile; fileRef = DECE9C29281D8CA200964B99 /* RegisterItemPresenter.swift */; };
		DEDCFE3F281C9C09008B0D96 /* AppDelegate.swift in Sources */ = {isa = PBXBuildFile; fileRef = DEDCFE3E281C9C09008B0D96 /* AppDelegate.swift */; };
		DEDCFE41281C9C09008B0D96 /* SceneDelegate.swift in Sources */ = {isa = PBXBuildFile; fileRef = DEDCFE40281C9C09008B0D96 /* SceneDelegate.swift */; };
		DEDCFE43281C9C09008B0D96 /* LoginViewController.swift in Sources */ = {isa = PBXBuildFile; fileRef = DEDCFE42281C9C09008B0D96 /* LoginViewController.swift */; };
		DEDCFE49281C9C09008B0D96 /* gerenciador_mensal.xcdatamodeld in Sources */ = {isa = PBXBuildFile; fileRef = DEDCFE47281C9C09008B0D96 /* gerenciador_mensal.xcdatamodeld */; };
		DEDCFE4B281C9C0B008B0D96 /* Assets.xcassets in Resources */ = {isa = PBXBuildFile; fileRef = DEDCFE4A281C9C0B008B0D96 /* Assets.xcassets */; };
		DEDCFE5B281CA28E008B0D96 /* UIImage+Utils.swift in Sources */ = {isa = PBXBuildFile; fileRef = DEDCFE5A281CA28E008B0D96 /* UIImage+Utils.swift */; };
		DEDCFE5D281CA4DB008B0D96 /* UIColor+Utils.swift in Sources */ = {isa = PBXBuildFile; fileRef = DEDCFE5C281CA4DB008B0D96 /* UIColor+Utils.swift */; };
		DEDCFE60281CA65C008B0D96 /* TextField.swift in Sources */ = {isa = PBXBuildFile; fileRef = DEDCFE5F281CA65C008B0D96 /* TextField.swift */; };
		DEF347C02823291E00671AEB /* UserDefaultsManager.swift in Sources */ = {isa = PBXBuildFile; fileRef = DEF347BF2823291E00671AEB /* UserDefaultsManager.swift */; };
/* End PBXBuildFile section */

/* Begin PBXFileReference section */
		DE156D3128215D5300267D7C /* CoreDataManager.swift */ = {isa = PBXFileReference; lastKnownFileType = sourcecode.swift; path = CoreDataManager.swift; sourceTree = "<group>"; };
		DE156D3A282177DE00267D7C /* Contas.swift */ = {isa = PBXFileReference; lastKnownFileType = sourcecode.swift; path = Contas.swift; sourceTree = "<group>"; };
		DE51BCC8281D9F0A002447E0 /* TableViewCell.swift */ = {isa = PBXFileReference; lastKnownFileType = sourcecode.swift; path = TableViewCell.swift; sourceTree = "<group>"; };
		DE51BCCB281DBA1D002447E0 /* HomeHeader.swift */ = {isa = PBXFileReference; lastKnownFileType = sourcecode.swift; path = HomeHeader.swift; sourceTree = "<group>"; };
		DE5B92C8282AE828004A9516 /* Launch Screen.storyboard */ = {isa = PBXFileReference; lastKnownFileType = file.storyboard; path = "Launch Screen.storyboard"; sourceTree = "<group>"; };
		DECE7CC128219C6F004D562E /* String+Utils.swift */ = {isa = PBXFileReference; lastKnownFileType = sourcecode.swift; path = "String+Utils.swift"; sourceTree = "<group>"; };
		DECE9C1A281D6EBF00964B99 /* HomeViewController.swift */ = {isa = PBXFileReference; lastKnownFileType = sourcecode.swift; path = HomeViewController.swift; sourceTree = "<group>"; };
		DECE9C1C281D702900964B99 /* UIView+Utils.swift */ = {isa = PBXFileReference; lastKnownFileType = sourcecode.swift; path = "UIView+Utils.swift"; sourceTree = "<group>"; };
		DECE9C1E281D769800964B99 /* HomePresenter.swift */ = {isa = PBXFileReference; lastKnownFileType = sourcecode.swift; path = HomePresenter.swift; sourceTree = "<group>"; };
		DECE9C20281D76A700964B99 /* LoginPresenter.swift */ = {isa = PBXFileReference; lastKnownFileType = sourcecode.swift; path = LoginPresenter.swift; sourceTree = "<group>"; };
		DECE9C22281D77F600964B99 /* Threading.swift */ = {isa = PBXFileReference; lastKnownFileType = sourcecode.swift; path = Threading.swift; sourceTree = "<group>"; };
		DECE9C25281D7A6700964B99 /* RegisterItemViewController.swift */ = {isa = PBXFileReference; lastKnownFileType = sourcecode.swift; path = RegisterItemViewController.swift; sourceTree = "<group>"; };
		DECE9C27281D859D00964B99 /* TextField+Utils.swift */ = {isa = PBXFileReference; lastKnownFileType = sourcecode.swift; path = "TextField+Utils.swift"; sourceTree = "<group>"; };
		DECE9C29281D8CA200964B99 /* RegisterItemPresenter.swift */ = {isa = PBXFileReference; lastKnownFileType = sourcecode.swift; path = RegisterItemPresenter.swift; sourceTree = "<group>"; };
		DEDCFE3B281C9C09008B0D96 /* gerenciador mensal.app */ = {isa = PBXFileReference; explicitFileType = wrapper.application; includeInIndex = 0; path = "gerenciador mensal.app"; sourceTree = BUILT_PRODUCTS_DIR; };
		DEDCFE3E281C9C09008B0D96 /* AppDelegate.swift */ = {isa = PBXFileReference; lastKnownFileType = sourcecode.swift; path = AppDelegate.swift; sourceTree = "<group>"; };
		DEDCFE40281C9C09008B0D96 /* SceneDelegate.swift */ = {isa = PBXFileReference; lastKnownFileType = sourcecode.swift; path = SceneDelegate.swift; sourceTree = "<group>"; };
		DEDCFE42281C9C09008B0D96 /* LoginViewController.swift */ = {isa = PBXFileReference; lastKnownFileType = sourcecode.swift; path = LoginViewController.swift; sourceTree = "<group>"; };
		DEDCFE48281C9C09008B0D96 /* gerenciador_mensal.xcdatamodel */ = {isa = PBXFileReference; lastKnownFileType = wrapper.xcdatamodel; path = gerenciador_mensal.xcdatamodel; sourceTree = "<group>"; };
		DEDCFE4A281C9C0B008B0D96 /* Assets.xcassets */ = {isa = PBXFileReference; lastKnownFileType = folder.assetcatalog; path = Assets.xcassets; sourceTree = "<group>"; };
		DEDCFE4F281C9C0B008B0D96 /* Info.plist */ = {isa = PBXFileReference; lastKnownFileType = text.plist.xml; path = Info.plist; sourceTree = "<group>"; };
		DEDCFE5A281CA28E008B0D96 /* UIImage+Utils.swift */ = {isa = PBXFileReference; lastKnownFileType = sourcecode.swift; path = "UIImage+Utils.swift"; sourceTree = "<group>"; };
		DEDCFE5C281CA4DB008B0D96 /* UIColor+Utils.swift */ = {isa = PBXFileReference; lastKnownFileType = sourcecode.swift; path = "UIColor+Utils.swift"; sourceTree = "<group>"; };
		DEDCFE5F281CA65C008B0D96 /* TextField.swift */ = {isa = PBXFileReference; lastKnownFileType = sourcecode.swift; path = TextField.swift; sourceTree = "<group>"; };
		DEF347BF2823291E00671AEB /* UserDefaultsManager.swift */ = {isa = PBXFileReference; lastKnownFileType = sourcecode.swift; path = UserDefaultsManager.swift; sourceTree = "<group>"; };
/* End PBXFileReference section */

/* Begin PBXFrameworksBuildPhase section */
		DEDCFE38281C9C09008B0D96 /* Frameworks */ = {
			isa = PBXFrameworksBuildPhase;
			buildActionMask = 2147483647;
			files = (
			);
			runOnlyForDeploymentPostprocessing = 0;
		};
/* End PBXFrameworksBuildPhase section */

/* Begin PBXGroup section */
		DE156D362821619400267D7C /* CoreData */ = {
			isa = PBXGroup;
			children = (
				DE156D3128215D5300267D7C /* CoreDataManager.swift */,
				DE156D3A282177DE00267D7C /* Contas.swift */,
			);
			path = CoreData;
			sourceTree = "<group>";
		};
		DE51BCCA281DBA08002447E0 /* Header */ = {
			isa = PBXGroup;
			children = (
				DE51BCCB281DBA1D002447E0 /* HomeHeader.swift */,
			);
			path = Header;
			sourceTree = "<group>";
		};
		DE5B92C7282AE809004A9516 /* Launch Screen */ = {
			isa = PBXGroup;
			children = (
				DE5B92C8282AE828004A9516 /* Launch Screen.storyboard */,
			);
			path = "Launch Screen";
			sourceTree = "<group>";
		};
		DECE9C15281D6C7C00964B99 /* Scenes */ = {
			isa = PBXGroup;
			children = (
				DE5B92C7282AE809004A9516 /* Launch Screen */,
				DECE9C24281D7A1F00964B99 /* Register Item */,
				DECE9C19281D6EA200964B99 /* Home */,
				DECE9C18281D6CCA00964B99 /* Login */,
			);
			path = Scenes;
			sourceTree = "<group>";
		};
		DECE9C16281D6C9600964B99 /* Delegates */ = {
			isa = PBXGroup;
			children = (
				DEDCFE3E281C9C09008B0D96 /* AppDelegate.swift */,
				DEDCFE40281C9C09008B0D96 /* SceneDelegate.swift */,
			);
			path = Delegates;
			sourceTree = "<group>";
		};
		DECE9C17281D6CB800964B99 /* Resources */ = {
			isa = PBXGroup;
			children = (
				DEDCFE4A281C9C0B008B0D96 /* Assets.xcassets */,
			);
			path = Resources;
			sourceTree = "<group>";
		};
		DECE9C18281D6CCA00964B99 /* Login */ = {
			isa = PBXGroup;
			children = (
				DEDCFE42281C9C09008B0D96 /* LoginViewController.swift */,
				DECE9C20281D76A700964B99 /* LoginPresenter.swift */,
			);
			path = Login;
			sourceTree = "<group>";
		};
		DECE9C19281D6EA200964B99 /* Home */ = {
			isa = PBXGroup;
			children = (
				DE51BCCA281DBA08002447E0 /* Header */,
				DECE9C1A281D6EBF00964B99 /* HomeViewController.swift */,
				DECE9C1E281D769800964B99 /* HomePresenter.swift */,
			);
			path = Home;
			sourceTree = "<group>";
		};
		DECE9C24281D7A1F00964B99 /* Register Item */ = {
			isa = PBXGroup;
			children = (
				DECE9C25281D7A6700964B99 /* RegisterItemViewController.swift */,
				DECE9C29281D8CA200964B99 /* RegisterItemPresenter.swift */,
			);
			path = "Register Item";
			sourceTree = "<group>";
		};
		DEDCFE32281C9C09008B0D96 = {
			isa = PBXGroup;
			children = (
				DEDCFE3D281C9C09008B0D96 /* gerenciador mensal */,
				DEDCFE3C281C9C09008B0D96 /* Products */,
			);
			sourceTree = "<group>";
		};
		DEDCFE3C281C9C09008B0D96 /* Products */ = {
			isa = PBXGroup;
			children = (
				DEDCFE3B281C9C09008B0D96 /* gerenciador mensal.app */,
			);
			name = Products;
			sourceTree = "<group>";
		};
		DEDCFE3D281C9C09008B0D96 /* gerenciador mensal */ = {
			isa = PBXGroup;
			children = (
				DECE9C17281D6CB800964B99 /* Resources */,
				DECE9C16281D6C9600964B99 /* Delegates */,
				DECE9C15281D6C7C00964B99 /* Scenes */,
				DEDCFE5E281CA644008B0D96 /* Components */,
				DEDCFE59281CA27C008B0D96 /* Common */,
				DEDCFE4F281C9C0B008B0D96 /* Info.plist */,
				DEDCFE47281C9C09008B0D96 /* gerenciador_mensal.xcdatamodeld */,
			);
			path = "gerenciador mensal";
			sourceTree = "<group>";
		};
		DEDCFE59281CA27C008B0D96 /* Common */ = {
			isa = PBXGroup;
			children = (
				DE156D362821619400267D7C /* CoreData */,
				DEDCFE5A281CA28E008B0D96 /* UIImage+Utils.swift */,
				DEDCFE5C281CA4DB008B0D96 /* UIColor+Utils.swift */,
				DECE9C1C281D702900964B99 /* UIView+Utils.swift */,
				DECE9C22281D77F600964B99 /* Threading.swift */,
				DECE9C27281D859D00964B99 /* TextField+Utils.swift */,
				DECE7CC128219C6F004D562E /* String+Utils.swift */,
				DEF347BF2823291E00671AEB /* UserDefaultsManager.swift */,
			);
			path = Common;
			sourceTree = "<group>";
		};
		DEDCFE5E281CA644008B0D96 /* Components */ = {
			isa = PBXGroup;
			children = (
				DEDCFE5F281CA65C008B0D96 /* TextField.swift */,
				DE51BCC8281D9F0A002447E0 /* TableViewCell.swift */,
			);
			path = Components;
			sourceTree = "<group>";
		};
/* End PBXGroup section */

/* Begin PBXNativeTarget section */
		DEDCFE3A281C9C09008B0D96 /* gerenciador mensal */ = {
			isa = PBXNativeTarget;
			buildConfigurationList = DEDCFE52281C9C0B008B0D96 /* Build configuration list for PBXNativeTarget "gerenciador mensal" */;
			buildPhases = (
				DEDCFE37281C9C09008B0D96 /* Sources */,
				DEDCFE38281C9C09008B0D96 /* Frameworks */,
				DEDCFE39281C9C09008B0D96 /* Resources */,
			);
			buildRules = (
			);
			dependencies = (
			);
			name = "gerenciador mensal";
			productName = "gerenciador mensal";
			productReference = DEDCFE3B281C9C09008B0D96 /* gerenciador mensal.app */;
			productType = "com.apple.product-type.application";
		};
/* End PBXNativeTarget section */

/* Begin PBXProject section */
		DEDCFE33281C9C09008B0D96 /* Project object */ = {
			isa = PBXProject;
			attributes = {
				BuildIndependentTargetsInParallel = 1;
				LastSwiftUpdateCheck = 1320;
				LastUpgradeCheck = 1320;
				TargetAttributes = {
					DEDCFE3A281C9C09008B0D96 = {
						CreatedOnToolsVersion = 13.2.1;
					};
				};
			};
			buildConfigurationList = DEDCFE36281C9C09008B0D96 /* Build configuration list for PBXProject "gerenciador mensal" */;
			compatibilityVersion = "Xcode 13.0";
			developmentRegion = en;
			hasScannedForEncodings = 0;
			knownRegions = (
				en,
			);
			mainGroup = DEDCFE32281C9C09008B0D96;
			productRefGroup = DEDCFE3C281C9C09008B0D96 /* Products */;
			projectDirPath = "";
			projectRoot = "";
			targets = (
				DEDCFE3A281C9C09008B0D96 /* gerenciador mensal */,
			);
		};
/* End PBXProject section */

/* Begin PBXResourcesBuildPhase section */
		DEDCFE39281C9C09008B0D96 /* Resources */ = {
			isa = PBXResourcesBuildPhase;
			buildActionMask = 2147483647;
			files = (
				DE5B92C9282AE828004A9516 /* Launch Screen.storyboard in Resources */,
				DEDCFE4B281C9C0B008B0D96 /* Assets.xcassets in Resources */,
			);
			runOnlyForDeploymentPostprocessing = 0;
		};
/* End PBXResourcesBuildPhase section */

/* Begin PBXSourcesBuildPhase section */
		DEDCFE37281C9C09008B0D96 /* Sources */ = {
			isa = PBXSourcesBuildPhase;
			buildActionMask = 2147483647;
			files = (
				DECE7CC228219C6F004D562E /* String+Utils.swift in Sources */,
				DEDCFE43281C9C09008B0D96 /* LoginViewController.swift in Sources */,
				DE51BCC9281D9F0A002447E0 /* TableViewCell.swift in Sources */,
				DECE9C2A281D8CA200964B99 /* RegisterItemPresenter.swift in Sources */,
				DECE9C28281D859D00964B99 /* TextField+Utils.swift in Sources */,
				DEDCFE49281C9C09008B0D96 /* gerenciador_mensal.xcdatamodeld in Sources */,
				DECE9C26281D7A6700964B99 /* RegisterItemViewController.swift in Sources */,
				DE156D3228215D5300267D7C /* CoreDataManager.swift in Sources */,
				DEDCFE3F281C9C09008B0D96 /* AppDelegate.swift in Sources */,
				DECE9C1F281D769800964B99 /* HomePresenter.swift in Sources */,
				DE156D3B282177DE00267D7C /* Contas.swift in Sources */,
				DECE9C23281D77F600964B99 /* Threading.swift in Sources */,
				DE51BCCC281DBA1D002447E0 /* HomeHeader.swift in Sources */,
				DECE9C21281D76A700964B99 /* LoginPresenter.swift in Sources */,
				DECE9C1B281D6EBF00964B99 /* HomeViewController.swift in Sources */,
				DEDCFE60281CA65C008B0D96 /* TextField.swift in Sources */,
				DEDCFE5D281CA4DB008B0D96 /* UIColor+Utils.swift in Sources */,
				DEF347C02823291E00671AEB /* UserDefaultsManager.swift in Sources */,
				DEDCFE5B281CA28E008B0D96 /* UIImage+Utils.swift in Sources */,
				DECE9C1D281D702900964B99 /* UIView+Utils.swift in Sources */,
				DEDCFE41281C9C09008B0D96 /* SceneDelegate.swift in Sources */,
			);
			runOnlyForDeploymentPostprocessing = 0;
		};
/* End PBXSourcesBuildPhase section */

/* Begin XCBuildConfiguration section */
		DEDCFE50281C9C0B008B0D96 /* Debug */ = {
			isa = XCBuildConfiguration;
			buildSettings = {
				ALWAYS_SEARCH_USER_PATHS = NO;
				CLANG_ANALYZER_NONNULL = YES;
				CLANG_ANALYZER_NUMBER_OBJECT_CONVERSION = YES_AGGRESSIVE;
				CLANG_CXX_LANGUAGE_STANDARD = "gnu++17";
				CLANG_CXX_LIBRARY = "libc++";
				CLANG_ENABLE_MODULES = YES;
				CLANG_ENABLE_OBJC_ARC = YES;
				CLANG_ENABLE_OBJC_WEAK = YES;
				CLANG_WARN_BLOCK_CAPTURE_AUTORELEASING = YES;
				CLANG_WARN_BOOL_CONVERSION = YES;
				CLANG_WARN_COMMA = YES;
				CLANG_WARN_CONSTANT_CONVERSION = YES;
				CLANG_WARN_DEPRECATED_OBJC_IMPLEMENTATIONS = YES;
				CLANG_WARN_DIRECT_OBJC_ISA_USAGE = YES_ERROR;
				CLANG_WARN_DOCUMENTATION_COMMENTS = YES;
				CLANG_WARN_EMPTY_BODY = YES;
				CLANG_WARN_ENUM_CONVERSION = YES;
				CLANG_WARN_INFINITE_RECURSION = YES;
				CLANG_WARN_INT_CONVERSION = YES;
				CLANG_WARN_NON_LITERAL_NULL_CONVERSION = YES;
				CLANG_WARN_OBJC_IMPLICIT_RETAIN_SELF = YES;
				CLANG_WARN_OBJC_LITERAL_CONVERSION = YES;
				CLANG_WARN_OBJC_ROOT_CLASS = YES_ERROR;
				CLANG_WARN_QUOTED_INCLUDE_IN_FRAMEWORK_HEADER = YES;
				CLANG_WARN_RANGE_LOOP_ANALYSIS = YES;
				CLANG_WARN_STRICT_PROTOTYPES = YES;
				CLANG_WARN_SUSPICIOUS_MOVE = YES;
				CLANG_WARN_UNGUARDED_AVAILABILITY = YES_AGGRESSIVE;
				CLANG_WARN_UNREACHABLE_CODE = YES;
				CLANG_WARN__DUPLICATE_METHOD_MATCH = YES;
				COPY_PHASE_STRIP = NO;
				DEBUG_INFORMATION_FORMAT = dwarf;
				ENABLE_STRICT_OBJC_MSGSEND = YES;
				ENABLE_TESTABILITY = YES;
				GCC_C_LANGUAGE_STANDARD = gnu11;
				GCC_DYNAMIC_NO_PIC = NO;
				GCC_NO_COMMON_BLOCKS = YES;
				GCC_OPTIMIZATION_LEVEL = 0;
				GCC_PREPROCESSOR_DEFINITIONS = (
					"DEBUG=1",
					"$(inherited)",
				);
				GCC_WARN_64_TO_32_BIT_CONVERSION = YES;
				GCC_WARN_ABOUT_RETURN_TYPE = YES_ERROR;
				GCC_WARN_UNDECLARED_SELECTOR = YES;
				GCC_WARN_UNINITIALIZED_AUTOS = YES_AGGRESSIVE;
				GCC_WARN_UNUSED_FUNCTION = YES;
				GCC_WARN_UNUSED_VARIABLE = YES;
				IPHONEOS_DEPLOYMENT_TARGET = 14.5;
				MTL_ENABLE_DEBUG_INFO = INCLUDE_SOURCE;
				MTL_FAST_MATH = YES;
				ONLY_ACTIVE_ARCH = YES;
				SDKROOT = iphoneos;
				SWIFT_ACTIVE_COMPILATION_CONDITIONS = DEBUG;
				SWIFT_OPTIMIZATION_LEVEL = "-Onone";
			};
			name = Debug;
		};
		DEDCFE51281C9C0B008B0D96 /* Release */ = {
			isa = XCBuildConfiguration;
			buildSettings = {
				ALWAYS_SEARCH_USER_PATHS = NO;
				CLANG_ANALYZER_NONNULL = YES;
				CLANG_ANALYZER_NUMBER_OBJECT_CONVERSION = YES_AGGRESSIVE;
				CLANG_CXX_LANGUAGE_STANDARD = "gnu++17";
				CLANG_CXX_LIBRARY = "libc++";
				CLANG_ENABLE_MODULES = YES;
				CLANG_ENABLE_OBJC_ARC = YES;
				CLANG_ENABLE_OBJC_WEAK = YES;
				CLANG_WARN_BLOCK_CAPTURE_AUTORELEASING = YES;
				CLANG_WARN_BOOL_CONVERSION = YES;
				CLANG_WARN_COMMA = YES;
				CLANG_WARN_CONSTANT_CONVERSION = YES;
				CLANG_WARN_DEPRECATED_OBJC_IMPLEMENTATIONS = YES;
				CLANG_WARN_DIRECT_OBJC_ISA_USAGE = YES_ERROR;
				CLANG_WARN_DOCUMENTATION_COMMENTS = YES;
				CLANG_WARN_EMPTY_BODY = YES;
				CLANG_WARN_ENUM_CONVERSION = YES;
				CLANG_WARN_INFINITE_RECURSION = YES;
				CLANG_WARN_INT_CONVERSION = YES;
				CLANG_WARN_NON_LITERAL_NULL_CONVERSION = YES;
				CLANG_WARN_OBJC_IMPLICIT_RETAIN_SELF = YES;
				CLANG_WARN_OBJC_LITERAL_CONVERSION = YES;
				CLANG_WARN_OBJC_ROOT_CLASS = YES_ERROR;
				CLANG_WARN_QUOTED_INCLUDE_IN_FRAMEWORK_HEADER = YES;
				CLANG_WARN_RANGE_LOOP_ANALYSIS = YES;
				CLANG_WARN_STRICT_PROTOTYPES = YES;
				CLANG_WARN_SUSPICIOUS_MOVE = YES;
				CLANG_WARN_UNGUARDED_AVAILABILITY = YES_AGGRESSIVE;
				CLANG_WARN_UNREACHABLE_CODE = YES;
				CLANG_WARN__DUPLICATE_METHOD_MATCH = YES;
				COPY_PHASE_STRIP = NO;
				DEBUG_INFORMATION_FORMAT = "dwarf-with-dsym";
				ENABLE_NS_ASSERTIONS = NO;
				ENABLE_STRICT_OBJC_MSGSEND = YES;
				GCC_C_LANGUAGE_STANDARD = gnu11;
				GCC_NO_COMMON_BLOCKS = YES;
				GCC_WARN_64_TO_32_BIT_CONVERSION = YES;
				GCC_WARN_ABOUT_RETURN_TYPE = YES_ERROR;
				GCC_WARN_UNDECLARED_SELECTOR = YES;
				GCC_WARN_UNINITIALIZED_AUTOS = YES_AGGRESSIVE;
				GCC_WARN_UNUSED_FUNCTION = YES;
				GCC_WARN_UNUSED_VARIABLE = YES;
				IPHONEOS_DEPLOYMENT_TARGET = 14.5;
				MTL_ENABLE_DEBUG_INFO = NO;
				MTL_FAST_MATH = YES;
				SDKROOT = iphoneos;
				SWIFT_COMPILATION_MODE = wholemodule;
				SWIFT_OPTIMIZATION_LEVEL = "-O";
				VALIDATE_PRODUCT = YES;
			};
			name = Release;
		};
		DEDCFE53281C9C0B008B0D96 /* Debug */ = {
			isa = XCBuildConfiguration;
			buildSettings = {
				ASSETCATALOG_COMPILER_APPICON_NAME = AppIcon;
				ASSETCATALOG_COMPILER_GLOBAL_ACCENT_COLOR_NAME = AccentColor;
				CODE_SIGN_STYLE = Automatic;
				CURRENT_PROJECT_VERSION = 1;
				DEVELOPMENT_TEAM = K6X2T8VLH6;
				GENERATE_INFOPLIST_FILE = YES;
				INFOPLIST_FILE = "gerenciador mensal/Info.plist";
				INFOPLIST_KEY_CFBundleDisplayName = "Gerenciador Mensal";
				INFOPLIST_KEY_UIApplicationSupportsIndirectInputEvents = YES;
				INFOPLIST_KEY_UILaunchStoryboardName = "Launch Screen";
				INFOPLIST_KEY_UIRequiredDeviceCapabilities = armv7;
				INFOPLIST_KEY_UIStatusBarHidden = YES;
				INFOPLIST_KEY_UISupportedInterfaceOrientations_iPad = "UIInterfaceOrientationPortrait UIInterfaceOrientationPortraitUpsideDown UIInterfaceOrientationLandscapeLeft UIInterfaceOrientationLandscapeRight";
				INFOPLIST_KEY_UISupportedInterfaceOrientations_iPhone = "UIInterfaceOrientationPortrait UIInterfaceOrientationLandscapeLeft UIInterfaceOrientationLandscapeRight";
				INFOPLIST_KEY_UIUserInterfaceStyle = Light;
				LD_RUNPATH_SEARCH_PATHS = (
					"$(inherited)",
					"@executable_path/Frameworks",
				);
				MARKETING_VERSION = 1.0;
				PRODUCT_BUNDLE_IDENTIFIER = "com.acarolsf.apps.gerenciador-mensal";
				PRODUCT_NAME = "$(TARGET_NAME)";
				SWIFT_EMIT_LOC_STRINGS = YES;
				SWIFT_VERSION = 5.0;
				TARGETED_DEVICE_FAMILY = 1;
			};
			name = Debug;
		};
		DEDCFE54281C9C0B008B0D96 /* Release */ = {
			isa = XCBuildConfiguration;
			buildSettings = {
				ASSETCATALOG_COMPILER_APPICON_NAME = AppIcon;
				ASSETCATALOG_COMPILER_GLOBAL_ACCENT_COLOR_NAME = AccentColor;
				CODE_SIGN_STYLE = Automatic;
				CURRENT_PROJECT_VERSION = 1;
				DEVELOPMENT_TEAM = K6X2T8VLH6;
				GENERATE_INFOPLIST_FILE = YES;
				INFOPLIST_FILE = "gerenciador mensal/Info.plist";
				INFOPLIST_KEY_CFBundleDisplayName = "Gerenciador Mensal";
				INFOPLIST_KEY_UIApplicationSupportsIndirectInputEvents = YES;
				INFOPLIST_KEY_UILaunchStoryboardName = "Launch Screen";
				INFOPLIST_KEY_UIRequiredDeviceCapabilities = armv7;
				INFOPLIST_KEY_UIStatusBarHidden = YES;
				INFOPLIST_KEY_UISupportedInterfaceOrientations_iPad = "UIInterfaceOrientationPortrait UIInterfaceOrientationPortraitUpsideDown UIInterfaceOrientationLandscapeLeft UIInterfaceOrientationLandscapeRight";
				INFOPLIST_KEY_UISupportedInterfaceOrientations_iPhone = "UIInterfaceOrientationPortrait UIInterfaceOrientationLandscapeLeft UIInterfaceOrientationLandscapeRight";
				INFOPLIST_KEY_UIUserInterfaceStyle = Light;
				LD_RUNPATH_SEARCH_PATHS = (
					"$(inherited)",
					"@executable_path/Frameworks",
				);
				MARKETING_VERSION = 1.0;
				PRODUCT_BUNDLE_IDENTIFIER = "com.acarolsf.apps.gerenciador-mensal";
				PRODUCT_NAME = "$(TARGET_NAME)";
				SWIFT_EMIT_LOC_STRINGS = YES;
				SWIFT_VERSION = 5.0;
				TARGETED_DEVICE_FAMILY = 1;
			};
			name = Release;
		};
/* End XCBuildConfiguration section */

/* Begin XCConfigurationList section */
		DEDCFE36281C9C09008B0D96 /* Build configuration list for PBXProject "gerenciador mensal" */ = {
			isa = XCConfigurationList;
			buildConfigurations = (
				DEDCFE50281C9C0B008B0D96 /* Debug */,
				DEDCFE51281C9C0B008B0D96 /* Release */,
			);
			defaultConfigurationIsVisible = 0;
			defaultConfigurationName = Release;
		};
		DEDCFE52281C9C0B008B0D96 /* Build configuration list for PBXNativeTarget "gerenciador mensal" */ = {
			isa = XCConfigurationList;
			buildConfigurations = (
				DEDCFE53281C9C0B008B0D96 /* Debug */,
				DEDCFE54281C9C0B008B0D96 /* Release */,
			);
			defaultConfigurationIsVisible = 0;
			defaultConfigurationName = Release;
		};
/* End XCConfigurationList section */

/* Begin XCVersionGroup section */
		DEDCFE47281C9C09008B0D96 /* gerenciador_mensal.xcdatamodeld */ = {
			isa = XCVersionGroup;
			children = (
				DEDCFE48281C9C09008B0D96 /* gerenciador_mensal.xcdatamodel */,
			);
			currentVersion = DEDCFE48281C9C09008B0D96 /* gerenciador_mensal.xcdatamodel */;
			path = gerenciador_mensal.xcdatamodeld;
			sourceTree = "<group>";
			versionGroupType = wrapper.xcdatamodel;
		};
/* End XCVersionGroup section */
	};
	rootObject = DEDCFE33281C9C09008B0D96 /* Project object */;
}
