// !$*UTF8*$!
{
	archiveVersion = 1;
	classes = {
	};
	objectVersion = 55;
	objects = {

/* Begin PBXBuildFile section */
		DEDCFE3F281C9C09008B0D96 /* AppDelegate.swift in Sources */ = {isa = PBXBuildFile; fileRef = DEDCFE3E281C9C09008B0D96 /* AppDelegate.swift */; };
		DEDCFE41281C9C09008B0D96 /* SceneDelegate.swift in Sources */ = {isa = PBXBuildFile; fileRef = DEDCFE40281C9C09008B0D96 /* SceneDelegate.swift */; };
		DEDCFE43281C9C09008B0D96 /* ViewController.swift in Sources */ = {isa = PBXBuildFile; fileRef = DEDCFE42281C9C09008B0D96 /* ViewController.swift */; };
		DEDCFE46281C9C09008B0D96 /* Main.storyboard in Resources */ = {isa = PBXBuildFile; fileRef = DEDCFE44281C9C09008B0D96 /* Main.storyboard */; };
		DEDCFE49281C9C09008B0D96 /* gerenciador_mensal.xcdatamodeld in Sources */ = {isa = PBXBuildFile; fileRef = DEDCFE47281C9C09008B0D96 /* gerenciador_mensal.xcdatamodeld */; };
		DEDCFE4B281C9C0B008B0D96 /* Assets.xcassets in Resources */ = {isa = PBXBuildFile; fileRef = DEDCFE4A281C9C0B008B0D96 /* Assets.xcassets */; };
		DEDCFE4E281C9C0B008B0D96 /* LaunchScreen.storyboard in Resources */ = {isa = PBXBuildFile; fileRef = DEDCFE4C281C9C0B008B0D96 /* LaunchScreen.storyboard */; };
/* End PBXBuildFile section */

/* Begin PBXFileReference section */
		DEDCFE3B281C9C09008B0D96 /* gerenciador mensal.app */ = {isa = PBXFileReference; explicitFileType = wrapper.application; includeInIndex = 0; path = "gerenciador mensal.app"; sourceTree = BUILT_PRODUCTS_DIR; };
		DEDCFE3E281C9C09008B0D96 /* AppDelegate.swift */ = {isa = PBXFileReference; lastKnownFileType = sourcecode.swift; path = AppDelegate.swift; sourceTree = "<group>"; };
		DEDCFE40281C9C09008B0D96 /* SceneDelegate.swift */ = {isa = PBXFileReference; lastKnownFileType = sourcecode.swift; path = SceneDelegate.swift; sourceTree = "<group>"; };
		DEDCFE42281C9C09008B0D96 /* ViewController.swift */ = {isa = PBXFileReference; lastKnownFileType = sourcecode.swift; path = ViewController.swift; sourceTree = "<group>"; };
		DEDCFE45281C9C09008B0D96 /* Base */ = {isa = PBXFileReference; lastKnownFileType = file.storyboard; name = Base; path = Base.lproj/Main.storyboard; sourceTree = "<group>"; };
		DEDCFE48281C9C09008B0D96 /* gerenciador_mensal.xcdatamodel */ = {isa = PBXFileReference; lastKnownFileType = wrapper.xcdatamodel; path = gerenciador_mensal.xcdatamodel; sourceTree = "<group>"; };
		DEDCFE4A281C9C0B008B0D96 /* Assets.xcassets */ = {isa = PBXFileReference; lastKnownFileType = folder.assetcatalog; path = Assets.xcassets; sourceTree = "<group>"; };
		DEDCFE4D281C9C0B008B0D96 /* Base */ = {isa = PBXFileReference; lastKnownFileType = file.storyboard; name = Base; path = Base.lproj/LaunchScreen.storyboard; sourceTree = "<group>"; };
		DEDCFE4F281C9C0B008B0D96 /* Info.plist */ = {isa = PBXFileReference; lastKnownFileType = text.plist.xml; path = Info.plist; sourceTree = "<group>"; };
/* End PBXFileReference section */

/* Begin PBXFrameworksBuildPhase section */
		DEDCFE38281C9C09008B0D96 /* Frameworks */ = {
			isa = PBXFrameworksBuildPhase;
			buildActionMask = 2147483647;
			files = (
			);
			runOnlyForDeploymentPostprocessing = 0;
		};
/* End PBXFrameworksBuildPhase section */

/* Begin PBXGroup section */
		DEDCFE32281C9C09008B0D96 = {
			isa = PBXGroup;
			children = (
				DEDCFE3D281C9C09008B0D96 /* gerenciador mensal */,
				DEDCFE3C281C9C09008B0D96 /* Products */,
			);
			sourceTree = "<group>";
		};
		DEDCFE3C281C9C09008B0D96 /* Products */ = {
			isa = PBXGroup;
			children = (
				DEDCFE3B281C9C09008B0D96 /* gerenciador mensal.app */,
			);
			name = Products;
			sourceTree = "<group>";
		};
		DEDCFE3D281C9C09008B0D96 /* gerenciador mensal */ = {
			isa = PBXGroup;
			children = (
				DEDCFE3E281C9C09008B0D96 /* AppDelegate.swift */,
				DEDCFE40281C9C09008B0D96 /* SceneDelegate.swift */,
				DEDCFE42281C9C09008B0D96 /* ViewController.swift */,
				DEDCFE44281C9C09008B0D96 /* Main.storyboard */,
				DEDCFE4A281C9C0B008B0D96 /* Assets.xcassets */,
				DEDCFE4C281C9C0B008B0D96 /* LaunchScreen.storyboard */,
				DEDCFE4F281C9C0B008B0D96 /* Info.plist */,
				DEDCFE47281C9C09008B0D96 /* gerenciador_mensal.xcdatamodeld */,
			);
			path = "gerenciador mensal";
			sourceTree = "<group>";
		};
/* End PBXGroup section */

/* Begin PBXNativeTarget section */
		DEDCFE3A281C9C09008B0D96 /* gerenciador mensal */ = {
			isa = PBXNativeTarget;
			buildConfigurationList = DEDCFE52281C9C0B008B0D96 /* Build configuration list for PBXNativeTarget "gerenciador mensal" */;
			buildPhases = (
				DEDCFE37281C9C09008B0D96 /* Sources */,
				DEDCFE38281C9C09008B0D96 /* Frameworks */,
				DEDCFE39281C9C09008B0D96 /* Resources */,
			);
			buildRules = (
			);
			dependencies = (
			);
			name = "gerenciador mensal";
			productName = "gerenciador mensal";
			productReference = DEDCFE3B281C9C09008B0D96 /* gerenciador mensal.app */;
			productType = "com.apple.product-type.application";
		};
/* End PBXNativeTarget section */

/* Begin PBXProject section */
		DEDCFE33281C9C09008B0D96 /* Project object */ = {
			isa = PBXProject;
			attributes = {
				BuildIndependentTargetsInParallel = 1;
				LastSwiftUpdateCheck = 1320;
				LastUpgradeCheck = 1320;
				TargetAttributes = {
					DEDCFE3A281C9C09008B0D96 = {
						CreatedOnToolsVersion = 13.2.1;
					};
				};
			};
			buildConfigurationList = DEDCFE36281C9C09008B0D96 /* Build configuration list for PBXProject "gerenciador mensal" */;
			compatibilityVersion = "Xcode 13.0";
			developmentRegion = en;
			hasScannedForEncodings = 0;
			knownRegions = (
				en,
				Base,
			);
			mainGroup = DEDCFE32281C9C09008B0D96;
			productRefGroup = DEDCFE3C281C9C09008B0D96 /* Products */;
			projectDirPath = "";
			projectRoot = "";
			targets = (
				DEDCFE3A281C9C09008B0D96 /* gerenciador mensal */,
			);
		};
/* End PBXProject section */

/* Begin PBXResourcesBuildPhase section */
		DEDCFE39281C9C09008B0D96 /* Resources */ = {
			isa = PBXResourcesBuildPhase;
			buildActionMask = 2147483647;
			files = (
				DEDCFE4E281C9C0B008B0D96 /* LaunchScreen.storyboard in Resources */,
				DEDCFE4B281C9C0B008B0D96 /* Assets.xcassets in Resources */,
				DEDCFE46281C9C09008B0D96 /* Main.storyboard in Resources */,
			);
			runOnlyForDeploymentPostprocessing = 0;
		};
/* End PBXResourcesBuildPhase section */

/* Begin PBXSourcesBuildPhase section */
		DEDCFE37281C9C09008B0D96 /* Sources */ = {
			isa = PBXSourcesBuildPhase;
			buildActionMask = 2147483647;
			files = (
				DEDCFE43281C9C09008B0D96 /* ViewController.swift in Sources */,
				DEDCFE49281C9C09008B0D96 /* gerenciador_mensal.xcdatamodeld in Sources */,
				DEDCFE3F281C9C09008B0D96 /* AppDelegate.swift in Sources */,
				DEDCFE41281C9C09008B0D96 /* SceneDelegate.swift in Sources */,
			);
			runOnlyForDeploymentPostprocessing = 0;
		};
/* End PBXSourcesBuildPhase section */

/* Begin PBXVariantGroup section */
		DEDCFE44281C9C09008B0D96 /* Main.storyboard */ = {
			isa = PBXVariantGroup;
			children = (
				DEDCFE45281C9C09008B0D96 /* Base */,
			);
			name = Main.storyboard;
			sourceTree = "<group>";
		};
		DEDCFE4C281C9C0B008B0D96 /* LaunchScreen.storyboard */ = {
			isa = PBXVariantGroup;
			children = (
				DEDCFE4D281C9C0B008B0D96 /* Base */,
			);
			name = LaunchScreen.storyboard;
			sourceTree = "<group>";
		};
/* End PBXVariantGroup section */

/* Begin XCBuildConfiguration section */
		DEDCFE50281C9C0B008B0D96 /* Debug */ = {
			isa = XCBuildConfiguration;
			buildSettings = {
				ALWAYS_SEARCH_USER_PATHS = NO;
				CLANG_ANALYZER_NONNULL = YES;
				CLANG_ANALYZER_NUMBER_OBJECT_CONVERSION = YES_AGGRESSIVE;
				CLANG_CXX_LANGUAGE_STANDARD = "gnu++17";
				CLANG_CXX_LIBRARY = "libc++";
				CLANG_ENABLE_MODULES = YES;
				CLANG_ENABLE_OBJC_ARC = YES;
				CLANG_ENABLE_OBJC_WEAK = YES;
				CLANG_WARN_BLOCK_CAPTURE_AUTORELEASING = YES;
				CLANG_WARN_BOOL_CONVERSION = YES;
				CLANG_WARN_COMMA = YES;
				CLANG_WARN_CONSTANT_CONVERSION = YES;
				CLANG_WARN_DEPRECATED_OBJC_IMPLEMENTATIONS = YES;
				CLANG_WARN_DIRECT_OBJC_ISA_USAGE = YES_ERROR;
				CLANG_WARN_DOCUMENTATION_COMMENTS = YES;
				CLANG_WARN_EMPTY_BODY = YES;
				CLANG_WARN_ENUM_CONVERSION = YES;
				CLANG_WARN_INFINITE_RECURSION = YES;
				CLANG_WARN_INT_CONVERSION = YES;
				CLANG_WARN_NON_LITERAL_NULL_CONVERSION = YES;
				CLANG_WARN_OBJC_IMPLICIT_RETAIN_SELF = YES;
				CLANG_WARN_OBJC_LITERAL_CONVERSION = YES;
				CLANG_WARN_OBJC_ROOT_CLASS = YES_ERROR;
				CLANG_WARN_QUOTED_INCLUDE_IN_FRAMEWORK_HEADER = YES;
				CLANG_WARN_RANGE_LOOP_ANALYSIS = YES;
				CLANG_WARN_STRICT_PROTOTYPES = YES;
				CLANG_WARN_SUSPICIOUS_MOVE = YES;
				CLANG_WARN_UNGUARDED_AVAILABILITY = YES_AGGRESSIVE;
				CLANG_WARN_UNREACHABLE_CODE = YES;
				CLANG_WARN__DUPLICATE_METHOD_MATCH = YES;
				COPY_PHASE_STRIP = NO;
				DEBUG_INFORMATION_FORMAT = dwarf;
				ENABLE_STRICT_OBJC_MSGSEND = YES;
				ENABLE_TESTABILITY = YES;
				GCC_C_LANGUAGE_STANDARD = gnu11;
				GCC_DYNAMIC_NO_PIC = NO;
				GCC_NO_COMMON_BLOCKS = YES;
				GCC_OPTIMIZATION_LEVEL = 0;
				GCC_PREPROCESSOR_DEFINITIONS = (
					"DEBUG=1",
					"$(inherited)",
				);
				GCC_WARN_64_TO_32_BIT_CONVERSION = YES;
				GCC_WARN_ABOUT_RETURN_TYPE = YES_ERROR;
				GCC_WARN_UNDECLARED_SELECTOR = YES;
				GCC_WARN_UNINITIALIZED_AUTOS = YES_AGGRESSIVE;
				GCC_WARN_UNUSED_FUNCTION = YES;
				GCC_WARN_UNUSED_VARIABLE = YES;
				IPHONEOS_DEPLOYMENT_TARGET = 15.2;
				MTL_ENABLE_DEBUG_INFO = INCLUDE_SOURCE;
				MTL_FAST_MATH = YES;
				ONLY_ACTIVE_ARCH = YES;
				SDKROOT = iphoneos;
				SWIFT_ACTIVE_COMPILATION_CONDITIONS = DEBUG;
				SWIFT_OPTIMIZATION_LEVEL = "-Onone";
			};
			name = Debug;
		};
		DEDCFE51281C9C0B008B0D96 /* Release */ = {
			isa = XCBuildConfiguration;
			buildSettings = {
				ALWAYS_SEARCH_USER_PATHS = NO;
				CLANG_ANALYZER_NONNULL = YES;
				CLANG_ANALYZER_NUMBER_OBJECT_CONVERSION = YES_AGGRESSIVE;
				CLANG_CXX_LANGUAGE_STANDARD = "gnu++17";
				CLANG_CXX_LIBRARY = "libc++";
				CLANG_ENABLE_MODULES = YES;
				CLANG_ENABLE_OBJC_ARC = YES;
				CLANG_ENABLE_OBJC_WEAK = YES;
				CLANG_WARN_BLOCK_CAPTURE_AUTORELEASING = YES;
				CLANG_WARN_BOOL_CONVERSION = YES;
				CLANG_WARN_COMMA = YES;
				CLANG_WARN_CONSTANT_CONVERSION = YES;
				CLANG_WARN_DEPRECATED_OBJC_IMPLEMENTATIONS = YES;
				CLANG_WARN_DIRECT_OBJC_ISA_USAGE = YES_ERROR;
				CLANG_WARN_DOCUMENTATION_COMMENTS = YES;
				CLANG_WARN_EMPTY_BODY = YES;
				CLANG_WARN_ENUM_CONVERSION = YES;
				CLANG_WARN_INFINITE_RECURSION = YES;
				CLANG_WARN_INT_CONVERSION = YES;
				CLANG_WARN_NON_LITERAL_NULL_CONVERSION = YES;
				CLANG_WARN_OBJC_IMPLICIT_RETAIN_SELF = YES;
				CLANG_WARN_OBJC_LITERAL_CONVERSION = YES;
				CLANG_WARN_OBJC_ROOT_CLASS = YES_ERROR;
				CLANG_WARN_QUOTED_INCLUDE_IN_FRAMEWORK_HEADER = YES;
				CLANG_WARN_RANGE_LOOP_ANALYSIS = YES;
				CLANG_WARN_STRICT_PROTOTYPES = YES;
				CLANG_WARN_SUSPICIOUS_MOVE = YES;
				CLANG_WARN_UNGUARDED_AVAILABILITY = YES_AGGRESSIVE;
				CLANG_WARN_UNREACHABLE_CODE = YES;
				CLANG_WARN__DUPLICATE_METHOD_MATCH = YES;
				COPY_PHASE_STRIP = NO;
				DEBUG_INFORMATION_FORMAT = "dwarf-with-dsym";
				ENABLE_NS_ASSERTIONS = NO;
				ENABLE_STRICT_OBJC_MSGSEND = YES;
				GCC_C_LANGUAGE_STANDARD = gnu11;
				GCC_NO_COMMON_BLOCKS = YES;
				GCC_WARN_64_TO_32_BIT_CONVERSION = YES;
				GCC_WARN_ABOUT_RETURN_TYPE = YES_ERROR;
				GCC_WARN_UNDECLARED_SELECTOR = YES;
				GCC_WARN_UNINITIALIZED_AUTOS = YES_AGGRESSIVE;
				GCC_WARN_UNUSED_FUNCTION = YES;
				GCC_WARN_UNUSED_VARIABLE = YES;
				IPHONEOS_DEPLOYMENT_TARGET = 15.2;
				MTL_ENABLE_DEBUG_INFO = NO;
				MTL_FAST_MATH = YES;
				SDKROOT = iphoneos;
				SWIFT_COMPILATION_MODE = wholemodule;
				SWIFT_OPTIMIZATION_LEVEL = "-O";
				VALIDATE_PRODUCT = YES;
			};
			name = Release;
		};
		DEDCFE53281C9C0B008B0D96 /* Debug */ = {
			isa = XCBuildConfiguration;
			buildSettings = {
				ASSETCATALOG_COMPILER_APPICON_NAME = AppIcon;
				ASSETCATALOG_COMPILER_GLOBAL_ACCENT_COLOR_NAME = AccentColor;
				CODE_SIGN_STYLE = Automatic;
				CURRENT_PROJECT_VERSION = 1;
				DEVELOPMENT_TEAM = K6X2T8VLH6;
				GENERATE_INFOPLIST_FILE = YES;
				INFOPLIST_FILE = "gerenciador mensal/Info.plist";
				INFOPLIST_KEY_UIApplicationSupportsIndirectInputEvents = YES;
				INFOPLIST_KEY_UILaunchStoryboardName = LaunchScreen;
				INFOPLIST_KEY_UIMainStoryboardFile = Main;
				INFOPLIST_KEY_UISupportedInterfaceOrientations_iPad = "UIInterfaceOrientationPortrait UIInterfaceOrientationPortraitUpsideDown UIInterfaceOrientationLandscapeLeft UIInterfaceOrientationLandscapeRight";
				INFOPLIST_KEY_UISupportedInterfaceOrientations_iPhone = "UIInterfaceOrientationPortrait UIInterfaceOrientationLandscapeLeft UIInterfaceOrientationLandscapeRight";
				LD_RUNPATH_SEARCH_PATHS = (
					"$(inherited)",
					"@executable_path/Frameworks",
				);
				MARKETING_VERSION = 1.0;
				PRODUCT_BUNDLE_IDENTIFIER = "com.acarolsf.apps.gerenciador-mensal";
				PRODUCT_NAME = "$(TARGET_NAME)";
				SWIFT_EMIT_LOC_STRINGS = YES;
				SWIFT_VERSION = 5.0;
				TARGETED_DEVICE_FAMILY = "1,2";
			};
			name = Debug;
		};
		DEDCFE54281C9C0B008B0D96 /* Release */ = {
			isa = XCBuildConfiguration;
			buildSettings = {
				ASSETCATALOG_COMPILER_APPICON_NAME = AppIcon;
				ASSETCATALOG_COMPILER_GLOBAL_ACCENT_COLOR_NAME = AccentColor;
				CODE_SIGN_STYLE = Automatic;
				CURRENT_PROJECT_VERSION = 1;
				DEVELOPMENT_TEAM = K6X2T8VLH6;
				GENERATE_INFOPLIST_FILE = YES;
				INFOPLIST_FILE = "gerenciador mensal/Info.plist";
				INFOPLIST_KEY_UIApplicationSupportsIndirectInputEvents = YES;
				INFOPLIST_KEY_UILaunchStoryboardName = LaunchScreen;
				INFOPLIST_KEY_UIMainStoryboardFile = Main;
				INFOPLIST_KEY_UISupportedInterfaceOrientations_iPad = "UIInterfaceOrientationPortrait UIInterfaceOrientationPortraitUpsideDown UIInterfaceOrientationLandscapeLeft UIInterfaceOrientationLandscapeRight";
				INFOPLIST_KEY_UISupportedInterfaceOrientations_iPhone = "UIInterfaceOrientationPortrait UIInterfaceOrientationLandscapeLeft UIInterfaceOrientationLandscapeRight";
				LD_RUNPATH_SEARCH_PATHS = (
					"$(inherited)",
					"@executable_path/Frameworks",
				);
				MARKETING_VERSION = 1.0;
				PRODUCT_BUNDLE_IDENTIFIER = "com.acarolsf.apps.gerenciador-mensal";
				PRODUCT_NAME = "$(TARGET_NAME)";
				SWIFT_EMIT_LOC_STRINGS = YES;
				SWIFT_VERSION = 5.0;
				TARGETED_DEVICE_FAMILY = "1,2";
			};
			name = Release;
		};
/* End XCBuildConfiguration section */

/* Begin XCConfigurationList section */
		DEDCFE36281C9C09008B0D96 /* Build configuration list for PBXProject "gerenciador mensal" */ = {
			isa = XCConfigurationList;
			buildConfigurations = (
				DEDCFE50281C9C0B008B0D96 /* Debug */,
				DEDCFE51281C9C0B008B0D96 /* Release */,
			);
			defaultConfigurationIsVisible = 0;
			defaultConfigurationName = Release;
		};
		DEDCFE52281C9C0B008B0D96 /* Build configuration list for PBXNativeTarget "gerenciador mensal" */ = {
			isa = XCConfigurationList;
			buildConfigurations = (
				DEDCFE53281C9C0B008B0D96 /* Debug */,
				DEDCFE54281C9C0B008B0D96 /* Release */,
			);
			defaultConfigurationIsVisible = 0;
			defaultConfigurationName = Release;
		};
/* End XCConfigurationList section */

/* Begin XCVersionGroup section */
		DEDCFE47281C9C09008B0D96 /* gerenciador_mensal.xcdatamodeld */ = {
			isa = XCVersionGroup;
			children = (
				DEDCFE48281C9C09008B0D96 /* gerenciador_mensal.xcdatamodel */,
			);
			currentVersion = DEDCFE48281C9C09008B0D96 /* gerenciador_mensal.xcdatamodel */;
			path = gerenciador_mensal.xcdatamodeld;
			sourceTree = "<group>";
			versionGroupType = wrapper.xcdatamodel;
		};
/* End XCVersionGroup section */
	};
	rootObject = DEDCFE33281C9C09008B0D96 /* Project object */;
}
